
Microsoft Visual Studio Solution File, Format Version 12.00
Project("{FAE04EC0-301F-11D3-BF4B-00C04F79EFBC}") = "MightyCalc.API", "MightyCalc.API\MightyCalc.API.csproj", "{9E3AD1D4-D410-411A-93D1-6422969CC867}"
EndProject
Project("{FAE04EC0-301F-11D3-BF4B-00C04F79EFBC}") = "MightyCalc.Client", "MightyCalc.Client\MightyCalc.Client.csproj", "{EDA87E26-9E88-4D04-BB95-80019150BF14}"
EndProject
Project("{FAE04EC0-301F-11D3-BF4B-00C04F79EFBC}") = "MightyCalc.API.Tests", "MightyCalc.API.Tests\MightyCalc.API.Tests.csproj", "{74AF0FCD-03F0-44C8-A3F5-A42948A09D6B}"
EndProject
Project("{FAE04EC0-301F-11D3-BF4B-00C04F79EFBC}") = "MightyCalc.Calculations", "MightyCalc.Calculations\MightyCalc.Calculations.csproj", "{DFCD060B-280A-4B67-AFD8-999AEFE14F30}"
EndProject
Project("{FAE04EC0-301F-11D3-BF4B-00C04F79EFBC}") = "MightyCalc.Calculations.Tests", "MightyCalc.Calculations.Tests\MightyCalc.Calculations.Tests.csproj", "{E6D8B0ED-6E4E-46BB-B41C-5E67843164EE}"
EndProject
Project("{FAE04EC0-301F-11D3-BF4B-00C04F79EFBC}") = "MightyCalc.Node", "MightyCalc.Node\MightyCalc.Node.csproj", "{BC222DD5-7852-44A5-A4D0-835CE078DDD0}"
EndProject
Project("{FAE04EC0-301F-11D3-BF4B-00C04F79EFBC}") = "MightyCalc.Node.Tests", "MightyCalc.Node.Tests\MightyCalc.Node.Tests.csproj", "{B35114BA-E6EE-4E07-B850-C0401B54D5D2}"
EndProject
Project("{FAE04EC0-301F-11D3-BF4B-00C04F79EFBC}") = "MightyCalc.Reports", "MightyCalc.Reports\MightyCalc.Reports.csproj", "{944BFC3C-C226-48A9-96EA-7EE5B5BE1FED}"
EndProject
Project("{FAE04EC0-301F-11D3-BF4B-00C04F79EFBC}") = "MightyCalc.Reports.Tests", "MightyCalc.Reports.Tests\MightyCalc.Reports.Tests.csproj", "{E46DFA92-1EC8-49DC-B1AC-C411D9FD7B49}"
EndProject
Project("{FAE04EC0-301F-11D3-BF4B-00C04F79EFBC}") = "MightyCalc.Reports.IntegrationTests", "MightyCalc.Reports.IntegrationTests\MightyCalc.Reports.IntegrationTests.csproj", "{FE70D02B-870D-4232-811C-48D40BD6C7BF}"
EndProject
Global
	GlobalSection(SolutionConfigurationPlatforms) = preSolution
		Debug|Any CPU = Debug|Any CPU
		Release|Any CPU = Release|Any CPU
	EndGlobalSection
	GlobalSection(ProjectConfigurationPlatforms) = postSolution
		{9E3AD1D4-D410-411A-93D1-6422969CC867}.Debug|Any CPU.ActiveCfg = Debug|Any CPU
		{9E3AD1D4-D410-411A-93D1-6422969CC867}.Debug|Any CPU.Build.0 = Debug|Any CPU
		{9E3AD1D4-D410-411A-93D1-6422969CC867}.Release|Any CPU.ActiveCfg = Release|Any CPU
		{9E3AD1D4-D410-411A-93D1-6422969CC867}.Release|Any CPU.Build.0 = Release|Any CPU
		{EDA87E26-9E88-4D04-BB95-80019150BF14}.Debug|Any CPU.ActiveCfg = Debug|Any CPU
		{EDA87E26-9E88-4D04-BB95-80019150BF14}.Debug|Any CPU.Build.0 = Debug|Any CPU
		{EDA87E26-9E88-4D04-BB95-80019150BF14}.Release|Any CPU.ActiveCfg = Release|Any CPU
		{EDA87E26-9E88-4D04-BB95-80019150BF14}.Release|Any CPU.Build.0 = Release|Any CPU
		{74AF0FCD-03F0-44C8-A3F5-A42948A09D6B}.Debug|Any CPU.ActiveCfg = Debug|Any CPU
		{74AF0FCD-03F0-44C8-A3F5-A42948A09D6B}.Debug|Any CPU.Build.0 = Debug|Any CPU
		{74AF0FCD-03F0-44C8-A3F5-A42948A09D6B}.Release|Any CPU.ActiveCfg = Release|Any CPU
		{74AF0FCD-03F0-44C8-A3F5-A42948A09D6B}.Release|Any CPU.Build.0 = Release|Any CPU
		{DFCD060B-280A-4B67-AFD8-999AEFE14F30}.Debug|Any CPU.ActiveCfg = Debug|Any CPU
		{DFCD060B-280A-4B67-AFD8-999AEFE14F30}.Debug|Any CPU.Build.0 = Debug|Any CPU
		{DFCD060B-280A-4B67-AFD8-999AEFE14F30}.Release|Any CPU.ActiveCfg = Release|Any CPU
		{DFCD060B-280A-4B67-AFD8-999AEFE14F30}.Release|Any CPU.Build.0 = Release|Any CPU
		{E6D8B0ED-6E4E-46BB-B41C-5E67843164EE}.Debug|Any CPU.ActiveCfg = Debug|Any CPU
		{E6D8B0ED-6E4E-46BB-B41C-5E67843164EE}.Debug|Any CPU.Build.0 = Debug|Any CPU
		{E6D8B0ED-6E4E-46BB-B41C-5E67843164EE}.Release|Any CPU.ActiveCfg = Release|Any CPU
		{E6D8B0ED-6E4E-46BB-B41C-5E67843164EE}.Release|Any CPU.Build.0 = Release|Any CPU
		{BC222DD5-7852-44A5-A4D0-835CE078DDD0}.Debug|Any CPU.ActiveCfg = Debug|Any CPU
		{BC222DD5-7852-44A5-A4D0-835CE078DDD0}.Debug|Any CPU.Build.0 = Debug|Any CPU
		{BC222DD5-7852-44A5-A4D0-835CE078DDD0}.Release|Any CPU.ActiveCfg = Release|Any CPU
		{BC222DD5-7852-44A5-A4D0-835CE078DDD0}.Release|Any CPU.Build.0 = Release|Any CPU
		{B35114BA-E6EE-4E07-B850-C0401B54D5D2}.Debug|Any CPU.ActiveCfg = Debug|Any CPU
		{B35114BA-E6EE-4E07-B850-C0401B54D5D2}.Debug|Any CPU.Build.0 = Debug|Any CPU
		{B35114BA-E6EE-4E07-B850-C0401B54D5D2}.Release|Any CPU.ActiveCfg = Release|Any CPU
		{B35114BA-E6EE-4E07-B850-C0401B54D5D2}.Release|Any CPU.Build.0 = Release|Any CPU
		{944BFC3C-C226-48A9-96EA-7EE5B5BE1FED}.Debug|Any CPU.ActiveCfg = Debug|Any CPU
		{944BFC3C-C226-48A9-96EA-7EE5B5BE1FED}.Debug|Any CPU.Build.0 = Debug|Any CPU
		{944BFC3C-C226-48A9-96EA-7EE5B5BE1FED}.Release|Any CPU.ActiveCfg = Release|Any CPU
		{944BFC3C-C226-48A9-96EA-7EE5B5BE1FED}.Release|Any CPU.Build.0 = Release|Any CPU
		{E46DFA92-1EC8-49DC-B1AC-C411D9FD7B49}.Debug|Any CPU.ActiveCfg = Debug|Any CPU
		{E46DFA92-1EC8-49DC-B1AC-C411D9FD7B49}.Debug|Any CPU.Build.0 = Debug|Any CPU
		{E46DFA92-1EC8-49DC-B1AC-C411D9FD7B49}.Release|Any CPU.ActiveCfg = Release|Any CPU
		{E46DFA92-1EC8-49DC-B1AC-C411D9FD7B49}.Release|Any CPU.Build.0 = Release|Any CPU
		{FE70D02B-870D-4232-811C-48D40BD6C7BF}.Debug|Any CPU.ActiveCfg = Debug|Any CPU
		{FE70D02B-870D-4232-811C-48D40BD6C7BF}.Debug|Any CPU.Build.0 = Debug|Any CPU
		{FE70D02B-870D-4232-811C-48D40BD6C7BF}.Release|Any CPU.ActiveCfg = Release|Any CPU
		{FE70D02B-870D-4232-811C-48D40BD6C7BF}.Release|Any CPU.Build.0 = Release|Any CPU
	EndGlobalSection
EndGlobal
