
Microsoft Visual Studio Solution File, Format Version 12.00
Project("{FAE04EC0-301F-11D3-BF4B-00C04F79EFBC}") = "MightyCalc.API", "MightyCalc.API\MightyCalc.API.csproj", "{9E3AD1D4-D410-411A-93D1-6422969CC867}"
EndProject
Project("{FAE04EC0-301F-11D3-BF4B-00C04F79EFBC}") = "MightyCalc.Client", "MightyCalc.Client\MightyCalc.Client.csproj", "{EDA87E26-9E88-4D04-BB95-80019150BF14}"
EndProject
Project("{FAE04EC0-301F-11D3-BF4B-00C04F79EFBC}") = "MightyCalc.Calculations", "MightyCalc.Calculations\MightyCalc.Calculations.csproj", "{DFCD060B-280A-4B67-AFD8-999AEFE14F30}"
EndProject
Project("{FAE04EC0-301F-11D3-BF4B-00C04F79EFBC}") = "MightyCalc.Calculations.Tests", "MightyCalc.Calculations.Tests\MightyCalc.Calculations.Tests.csproj", "{E6D8B0ED-6E4E-46BB-B41C-5E67843164EE}"
EndProject
Project("{FAE04EC0-301F-11D3-BF4B-00C04F79EFBC}") = "MightyCalc.Node", "MightyCalc.Node\MightyCalc.Node.csproj", "{BC222DD5-7852-44A5-A4D0-835CE078DDD0}"
EndProject
Project("{FAE04EC0-301F-11D3-BF4B-00C04F79EFBC}") = "MightyCalc.Node.Tests", "MightyCalc.Node.Tests\MightyCalc.Node.Tests.csproj", "{B35114BA-E6EE-4E07-B850-C0401B54D5D2}"
EndProject
Project("{FAE04EC0-301F-11D3-BF4B-00C04F79EFBC}") = "MightyCalc.Reports", "MightyCalc.Reports\MightyCalc.Reports.csproj", "{944BFC3C-C226-48A9-96EA-7EE5B5BE1FED}"
EndProject
Project("{FAE04EC0-301F-11D3-BF4B-00C04F79EFBC}") = "MightyCalc.Reports.Tests", "MightyCalc.Reports.Tests\MightyCalc.Reports.Tests.csproj", "{E46DFA92-1EC8-49DC-B1AC-C411D9FD7B49}"
EndProject
Project("{FAE04EC0-301F-11D3-BF4B-00C04F79EFBC}") = "MightyCalc.Reports.IntegrationTests", "MightyCalc.Reports.IntegrationTests\MightyCalc.Reports.IntegrationTests.csproj", "{FE70D02B-870D-4232-811C-48D40BD6C7BF}"
EndProject
Project("{FAE04EC0-301F-11D3-BF4B-00C04F79EFBC}") = "MightyCalc.API.IntegrationTests", "MightyCalc.API.IntegrationTests\MightyCalc.API.IntegrationTests.csproj", "{0D26B04C-A4A2-4B34-8DFC-CEF963FF62F3}"
EndProject
Project("{FAE04EC0-301F-11D3-BF4B-00C04F79EFBC}") = "MightyCalc.IntegrationTests.Tools", "MightyCalc.IntegrationTests.Tools\MightyCalc.IntegrationTests.Tools.csproj", "{8A4324BA-6B2E-45B0-B977-FAB7881D9CE6}"
EndProject
Project("{FAE04EC0-301F-11D3-BF4B-00C04F79EFBC}") = "MightyCalc.Node.IntegrationTests", "MightyCalc.Node.IntegrationTests\MightyCalc.Node.IntegrationTests.csproj", "{849FFF76-841D-450B-8324-11AA4DBF1C2C}"
EndProject
Project("{2150E333-8FDC-42A3-9474-1A3956D46DE8}") = "Tests", "Tests", "{34BFC937-13EB-4787-AD50-B708999D536C}"
EndProject
Project("{2150E333-8FDC-42A3-9474-1A3956D46DE8}") = "IntegrationTests", "IntegrationTests", "{F4D970E4-BB2C-4BDC-81A7-416DC4DEA7DA}"
EndProject
Project("{FAE04EC0-301F-11D3-BF4B-00C04F79EFBC}") = "MightyCalc.API.Tests", "MightyCalc.API.Tests\MightyCalc.API.Tests.csproj", "{3D83EB21-E5FE-4A41-8AF7-512CA359B472}"
EndProject
Project("{FAE04EC0-301F-11D3-BF4B-00C04F79EFBC}") = "MightyCalc.NodeHost", "MightyCalc.NodeHost\MightyCalc.NodeHost.csproj", "{D8F55246-796D-4D5F-9313-89B42FEA0A00}"
EndProject
Project("{FAE04EC0-301F-11D3-BF4B-00C04F79EFBC}") = "MightyCalc.Configuration", "MightyCalc.Configuration\MightyCalc.Configuration.csproj", "{7480108E-1721-49A7-B3CC-0D12156B88B0}"
EndProject
Project("{FAE04EC0-301F-11D3-BF4B-00C04F79EFBC}") = "MightyCalc.LightHouse", "MightyCalc.LightHouse\MightyCalc.LightHouse.csproj", "{C9DE33A4-4767-4177-9468-98CB178F4B82}"
EndProject
Global
	GlobalSection(SolutionConfigurationPlatforms) = preSolution
		Debug|Any CPU = Debug|Any CPU
		Release|Any CPU = Release|Any CPU
	EndGlobalSection
	GlobalSection(ProjectConfigurationPlatforms) = postSolution
		{9E3AD1D4-D410-411A-93D1-6422969CC867}.Debug|Any CPU.ActiveCfg = Debug|Any CPU
		{9E3AD1D4-D410-411A-93D1-6422969CC867}.Debug|Any CPU.Build.0 = Debug|Any CPU
		{9E3AD1D4-D410-411A-93D1-6422969CC867}.Release|Any CPU.ActiveCfg = Release|Any CPU
		{9E3AD1D4-D410-411A-93D1-6422969CC867}.Release|Any CPU.Build.0 = Release|Any CPU
		{EDA87E26-9E88-4D04-BB95-80019150BF14}.Debug|Any CPU.ActiveCfg = Debug|Any CPU
		{EDA87E26-9E88-4D04-BB95-80019150BF14}.Debug|Any CPU.Build.0 = Debug|Any CPU
		{EDA87E26-9E88-4D04-BB95-80019150BF14}.Release|Any CPU.ActiveCfg = Release|Any CPU
		{EDA87E26-9E88-4D04-BB95-80019150BF14}.Release|Any CPU.Build.0 = Release|Any CPU
		{DFCD060B-280A-4B67-AFD8-999AEFE14F30}.Debug|Any CPU.ActiveCfg = Debug|Any CPU
		{DFCD060B-280A-4B67-AFD8-999AEFE14F30}.Debug|Any CPU.Build.0 = Debug|Any CPU
		{DFCD060B-280A-4B67-AFD8-999AEFE14F30}.Release|Any CPU.ActiveCfg = Release|Any CPU
		{DFCD060B-280A-4B67-AFD8-999AEFE14F30}.Release|Any CPU.Build.0 = Release|Any CPU
		{E6D8B0ED-6E4E-46BB-B41C-5E67843164EE}.Debug|Any CPU.ActiveCfg = Debug|Any CPU
		{E6D8B0ED-6E4E-46BB-B41C-5E67843164EE}.Debug|Any CPU.Build.0 = Debug|Any CPU
		{E6D8B0ED-6E4E-46BB-B41C-5E67843164EE}.Release|Any CPU.ActiveCfg = Release|Any CPU
		{E6D8B0ED-6E4E-46BB-B41C-5E67843164EE}.Release|Any CPU.Build.0 = Release|Any CPU
		{BC222DD5-7852-44A5-A4D0-835CE078DDD0}.Debug|Any CPU.ActiveCfg = Debug|Any CPU
		{BC222DD5-7852-44A5-A4D0-835CE078DDD0}.Debug|Any CPU.Build.0 = Debug|Any CPU
		{BC222DD5-7852-44A5-A4D0-835CE078DDD0}.Release|Any CPU.ActiveCfg = Release|Any CPU
		{BC222DD5-7852-44A5-A4D0-835CE078DDD0}.Release|Any CPU.Build.0 = Release|Any CPU
		{B35114BA-E6EE-4E07-B850-C0401B54D5D2}.Debug|Any CPU.ActiveCfg = Debug|Any CPU
		{B35114BA-E6EE-4E07-B850-C0401B54D5D2}.Debug|Any CPU.Build.0 = Debug|Any CPU
		{B35114BA-E6EE-4E07-B850-C0401B54D5D2}.Release|Any CPU.ActiveCfg = Release|Any CPU
		{B35114BA-E6EE-4E07-B850-C0401B54D5D2}.Release|Any CPU.Build.0 = Release|Any CPU
		{944BFC3C-C226-48A9-96EA-7EE5B5BE1FED}.Debug|Any CPU.ActiveCfg = Debug|Any CPU
		{944BFC3C-C226-48A9-96EA-7EE5B5BE1FED}.Debug|Any CPU.Build.0 = Debug|Any CPU
		{944BFC3C-C226-48A9-96EA-7EE5B5BE1FED}.Release|Any CPU.ActiveCfg = Release|Any CPU
		{944BFC3C-C226-48A9-96EA-7EE5B5BE1FED}.Release|Any CPU.Build.0 = Release|Any CPU
		{E46DFA92-1EC8-49DC-B1AC-C411D9FD7B49}.Debug|Any CPU.ActiveCfg = Debug|Any CPU
		{E46DFA92-1EC8-49DC-B1AC-C411D9FD7B49}.Debug|Any CPU.Build.0 = Debug|Any CPU
		{E46DFA92-1EC8-49DC-B1AC-C411D9FD7B49}.Release|Any CPU.ActiveCfg = Release|Any CPU
		{E46DFA92-1EC8-49DC-B1AC-C411D9FD7B49}.Release|Any CPU.Build.0 = Release|Any CPU
		{FE70D02B-870D-4232-811C-48D40BD6C7BF}.Debug|Any CPU.ActiveCfg = Debug|Any CPU
		{FE70D02B-870D-4232-811C-48D40BD6C7BF}.Debug|Any CPU.Build.0 = Debug|Any CPU
		{FE70D02B-870D-4232-811C-48D40BD6C7BF}.Release|Any CPU.ActiveCfg = Release|Any CPU
		{FE70D02B-870D-4232-811C-48D40BD6C7BF}.Release|Any CPU.Build.0 = Release|Any CPU
		{0D26B04C-A4A2-4B34-8DFC-CEF963FF62F3}.Debug|Any CPU.ActiveCfg = Debug|Any CPU
		{0D26B04C-A4A2-4B34-8DFC-CEF963FF62F3}.Debug|Any CPU.Build.0 = Debug|Any CPU
		{0D26B04C-A4A2-4B34-8DFC-CEF963FF62F3}.Release|Any CPU.ActiveCfg = Release|Any CPU
		{0D26B04C-A4A2-4B34-8DFC-CEF963FF62F3}.Release|Any CPU.Build.0 = Release|Any CPU
		{8A4324BA-6B2E-45B0-B977-FAB7881D9CE6}.Debug|Any CPU.ActiveCfg = Debug|Any CPU
		{8A4324BA-6B2E-45B0-B977-FAB7881D9CE6}.Debug|Any CPU.Build.0 = Debug|Any CPU
		{8A4324BA-6B2E-45B0-B977-FAB7881D9CE6}.Release|Any CPU.ActiveCfg = Release|Any CPU
		{8A4324BA-6B2E-45B0-B977-FAB7881D9CE6}.Release|Any CPU.Build.0 = Release|Any CPU
		{849FFF76-841D-450B-8324-11AA4DBF1C2C}.Debug|Any CPU.ActiveCfg = Debug|Any CPU
		{849FFF76-841D-450B-8324-11AA4DBF1C2C}.Debug|Any CPU.Build.0 = Debug|Any CPU
		{849FFF76-841D-450B-8324-11AA4DBF1C2C}.Release|Any CPU.ActiveCfg = Release|Any CPU
		{849FFF76-841D-450B-8324-11AA4DBF1C2C}.Release|Any CPU.Build.0 = Release|Any CPU
		{3D83EB21-E5FE-4A41-8AF7-512CA359B472}.Debug|Any CPU.ActiveCfg = Debug|Any CPU
		{3D83EB21-E5FE-4A41-8AF7-512CA359B472}.Debug|Any CPU.Build.0 = Debug|Any CPU
		{3D83EB21-E5FE-4A41-8AF7-512CA359B472}.Release|Any CPU.ActiveCfg = Release|Any CPU
		{3D83EB21-E5FE-4A41-8AF7-512CA359B472}.Release|Any CPU.Build.0 = Release|Any CPU
		{D8F55246-796D-4D5F-9313-89B42FEA0A00}.Debug|Any CPU.ActiveCfg = Debug|Any CPU
		{D8F55246-796D-4D5F-9313-89B42FEA0A00}.Debug|Any CPU.Build.0 = Debug|Any CPU
		{D8F55246-796D-4D5F-9313-89B42FEA0A00}.Release|Any CPU.ActiveCfg = Release|Any CPU
		{D8F55246-796D-4D5F-9313-89B42FEA0A00}.Release|Any CPU.Build.0 = Release|Any CPU
		{7480108E-1721-49A7-B3CC-0D12156B88B0}.Debug|Any CPU.ActiveCfg = Debug|Any CPU
		{7480108E-1721-49A7-B3CC-0D12156B88B0}.Debug|Any CPU.Build.0 = Debug|Any CPU
		{7480108E-1721-49A7-B3CC-0D12156B88B0}.Release|Any CPU.ActiveCfg = Release|Any CPU
		{7480108E-1721-49A7-B3CC-0D12156B88B0}.Release|Any CPU.Build.0 = Release|Any CPU
		{C9DE33A4-4767-4177-9468-98CB178F4B82}.Debug|Any CPU.ActiveCfg = Debug|Any CPU
		{C9DE33A4-4767-4177-9468-98CB178F4B82}.Debug|Any CPU.Build.0 = Debug|Any CPU
		{C9DE33A4-4767-4177-9468-98CB178F4B82}.Release|Any CPU.ActiveCfg = Release|Any CPU
		{C9DE33A4-4767-4177-9468-98CB178F4B82}.Release|Any CPU.Build.0 = Release|Any CPU
	EndGlobalSection
	GlobalSection(NestedProjects) = preSolution
		{B35114BA-E6EE-4E07-B850-C0401B54D5D2} = {34BFC937-13EB-4787-AD50-B708999D536C}
		{E46DFA92-1EC8-49DC-B1AC-C411D9FD7B49} = {34BFC937-13EB-4787-AD50-B708999D536C}
		{E6D8B0ED-6E4E-46BB-B41C-5E67843164EE} = {34BFC937-13EB-4787-AD50-B708999D536C}
		{0D26B04C-A4A2-4B34-8DFC-CEF963FF62F3} = {F4D970E4-BB2C-4BDC-81A7-416DC4DEA7DA}
		{8A4324BA-6B2E-45B0-B977-FAB7881D9CE6} = {F4D970E4-BB2C-4BDC-81A7-416DC4DEA7DA}
		{849FFF76-841D-450B-8324-11AA4DBF1C2C} = {F4D970E4-BB2C-4BDC-81A7-416DC4DEA7DA}
		{FE70D02B-870D-4232-811C-48D40BD6C7BF} = {F4D970E4-BB2C-4BDC-81A7-416DC4DEA7DA}
		{3D83EB21-E5FE-4A41-8AF7-512CA359B472} = {34BFC937-13EB-4787-AD50-B708999D536C}
	EndGlobalSection
EndGlobal
